{
  "nodes": {
    "home-manager": {
      "inputs": {
        "nixpkgs": [
          "nixpkgs"
        ]
      },
      "locked": {
        "lastModified": 1706981411,
        "narHash": "sha256-cLbLPTL1CDmETVh4p0nQtvoF+FSEjsnJTFpTxhXywhQ=",
        "owner": "nix-community",
        "repo": "home-manager",
        "rev": "652fda4ca6dafeb090943422c34ae9145787af37",
        "type": "github"
      },
      "original": {
        "owner": "nix-community",
        "ref": "release-23.11",
        "repo": "home-manager",
        "type": "github"
      }
    },
    "nixpkgs": {
      "locked": {
        "lastModified": 1709309926,
        "narHash": "sha256-VZFBtXGVD9LWTecGi6eXrE0hJ/mVB3zGUlHImUs2Qak=",
        "owner": "NixOS",
        "repo": "nixpkgs",
        "rev": "79baff8812a0d68e24a836df0a364c678089e2c7",
        "type": "github"
      },
      "original": {
        "owner": "NixOS",
        "ref": "nixos-23.11",
        "repo": "nixpkgs",
        "type": "github"
      }
    },
    "nvim-config": {
      "flake": false,
      "locked": {
        "lastModified": 1709747538,
        "narHash": "sha256-+WaaB5uZ8rKg1KKAgEJFTc4en3RUDI3rN5206slZkoM=",
        "owner": "Samyak2",
        "repo": "nvim-config",
        "rev": "bf8add31652ca40aae7e94cd694e2f79e19b96b9",
        "type": "github"
      },
      "original": {
        "owner": "Samyak2",
        "repo": "nvim-config",
        "type": "github"
      }
    },
    "plasma-manager": {
      "inputs": {
        "home-manager": [
          "home-manager"
        ],
        "nixpkgs": [
          "nixpkgs"
        ]
      },
      "locked": {
        "lastModified": 1709634318,
        "narHash": "sha256-4jZRGyPYShyLocUnE0kqDoitqxqBCkuJ6w6/QX4bjYk=",
        "owner": "pjones",
        "repo": "plasma-manager",
        "rev": "9bac5925cf7716979535eed9c88e307fa9744169",
        "type": "github"
      },
      "original": {
        "owner": "pjones",
        "repo": "plasma-manager",
        "type": "github"
      }
    },
    "root": {
      "inputs": {
        "home-manager": "home-manager",
        "nixpkgs": "nixpkgs",
        "nvim-config": "nvim-config",
        "plasma-manager": "plasma-manager"
      }
    }
  },
  "root": "root",
  "version": 7
}
